// !$*UTF8*$!
{
	archiveVersion = 1;
	classes = {
	};
	objectVersion = 51;
	objects = {

/* Begin PBXBuildFile section */
		21660D6CF387874E53DE2A64 /* Pods_AkvelonTest_AkvelonTestUITests.framework in Frameworks */ = {isa = PBXBuildFile; fileRef = B7FAB739AF89515DC2834E02 /* Pods_AkvelonTest_AkvelonTestUITests.framework */; };
		3127A6EF26441379008DAF99 /* AkvelonTestApp.swift in Sources */ = {isa = PBXBuildFile; fileRef = 3127A6EE26441379008DAF99 /* AkvelonTestApp.swift */; };
		3127A6F126441379008DAF99 /* MainView.swift in Sources */ = {isa = PBXBuildFile; fileRef = 3127A6F026441379008DAF99 /* MainView.swift */; };
		3127A6F32644137B008DAF99 /* Assets.xcassets in Resources */ = {isa = PBXBuildFile; fileRef = 3127A6F22644137B008DAF99 /* Assets.xcassets */; };
		3127A6F62644137B008DAF99 /* Preview Assets.xcassets in Resources */ = {isa = PBXBuildFile; fileRef = 3127A6F52644137B008DAF99 /* Preview Assets.xcassets */; };
		3127A7012644137B008DAF99 /* AkvelonTestTests.swift in Sources */ = {isa = PBXBuildFile; fileRef = 3127A7002644137B008DAF99 /* AkvelonTestTests.swift */; };
		3127A70C2644137B008DAF99 /* AkvelonTestUITests.swift in Sources */ = {isa = PBXBuildFile; fileRef = 3127A70B2644137B008DAF99 /* AkvelonTestUITests.swift */; };
		3127A71D264413AC008DAF99 /* UserModel.swift in Sources */ = {isa = PBXBuildFile; fileRef = 3127A71C264413AC008DAF99 /* UserModel.swift */; };
		3127A72226441468008DAF99 /* NetworkServices.swift in Sources */ = {isa = PBXBuildFile; fileRef = 3127A72126441468008DAF99 /* NetworkServices.swift */; };
		3127A72A26441641008DAF99 /* UserCellView.swift in Sources */ = {isa = PBXBuildFile; fileRef = 3127A72926441641008DAF99 /* UserCellView.swift */; };
		3127A74826441ABA008DAF99 /* Date + Extension.swift in Sources */ = {isa = PBXBuildFile; fileRef = 3127A74726441ABA008DAF99 /* Date + Extension.swift */; };
		3127A75326441AFF008DAF99 /* Constants.swift in Sources */ = {isa = PBXBuildFile; fileRef = 3127A75226441AFF008DAF99 /* Constants.swift */; };
		3127A75826441B83008DAF99 /* String + Extension.swift in Sources */ = {isa = PBXBuildFile; fileRef = 3127A75726441B83008DAF99 /* String + Extension.swift */; };
		B359755692541E3B456D67BF /* Pods_AkvelonTestTests.framework in Frameworks */ = {isa = PBXBuildFile; fileRef = 210C7862E52AB19BF4D3FDE8 /* Pods_AkvelonTestTests.framework */; };
		C64C34CF19B506295D2AD65E /* Pods_AkvelonTest.framework in Frameworks */ = {isa = PBXBuildFile; fileRef = 704D6DB116B7080C53ECEE9E /* Pods_AkvelonTest.framework */; };
/* End PBXBuildFile section */

/* Begin PBXContainerItemProxy section */
		3127A6FD2644137B008DAF99 /* PBXContainerItemProxy */ = {
			isa = PBXContainerItemProxy;
			containerPortal = 3127A6E326441379008DAF99 /* Project object */;
			proxyType = 1;
			remoteGlobalIDString = 3127A6EA26441379008DAF99;
			remoteInfo = AkvelonTest;
		};
		3127A7082644137B008DAF99 /* PBXContainerItemProxy */ = {
			isa = PBXContainerItemProxy;
			containerPortal = 3127A6E326441379008DAF99 /* Project object */;
			proxyType = 1;
			remoteGlobalIDString = 3127A6EA26441379008DAF99;
			remoteInfo = AkvelonTest;
		};
/* End PBXContainerItemProxy section */

/* Begin PBXFileReference section */
		1063FF1AE2E5E5BB90809E40 /* Pods-AkvelonTest-AkvelonTestUITests.release.xcconfig */ = {isa = PBXFileReference; includeInIndex = 1; lastKnownFileType = text.xcconfig; name = "Pods-AkvelonTest-AkvelonTestUITests.release.xcconfig"; path = "Target Support Files/Pods-AkvelonTest-AkvelonTestUITests/Pods-AkvelonTest-AkvelonTestUITests.release.xcconfig"; sourceTree = "<group>"; };
		210C7862E52AB19BF4D3FDE8 /* Pods_AkvelonTestTests.framework */ = {isa = PBXFileReference; explicitFileType = wrapper.framework; includeInIndex = 0; path = Pods_AkvelonTestTests.framework; sourceTree = BUILT_PRODUCTS_DIR; };
		3127A6EB26441379008DAF99 /* AkvelonTest.app */ = {isa = PBXFileReference; explicitFileType = wrapper.application; includeInIndex = 0; path = AkvelonTest.app; sourceTree = BUILT_PRODUCTS_DIR; };
		3127A6EE26441379008DAF99 /* AkvelonTestApp.swift */ = {isa = PBXFileReference; lastKnownFileType = sourcecode.swift; path = AkvelonTestApp.swift; sourceTree = "<group>"; };
		3127A6F026441379008DAF99 /* MainView.swift */ = {isa = PBXFileReference; lastKnownFileType = sourcecode.swift; path = MainView.swift; sourceTree = "<group>"; };
		3127A6F22644137B008DAF99 /* Assets.xcassets */ = {isa = PBXFileReference; lastKnownFileType = folder.assetcatalog; path = Assets.xcassets; sourceTree = "<group>"; };
		3127A6F52644137B008DAF99 /* Preview Assets.xcassets */ = {isa = PBXFileReference; lastKnownFileType = folder.assetcatalog; path = "Preview Assets.xcassets"; sourceTree = "<group>"; };
		3127A6F72644137B008DAF99 /* Info.plist */ = {isa = PBXFileReference; lastKnownFileType = text.plist.xml; path = Info.plist; sourceTree = "<group>"; };
		3127A6FC2644137B008DAF99 /* AkvelonTestTests.xctest */ = {isa = PBXFileReference; explicitFileType = wrapper.cfbundle; includeInIndex = 0; path = AkvelonTestTests.xctest; sourceTree = BUILT_PRODUCTS_DIR; };
		3127A7002644137B008DAF99 /* AkvelonTestTests.swift */ = {isa = PBXFileReference; lastKnownFileType = sourcecode.swift; path = AkvelonTestTests.swift; sourceTree = "<group>"; };
		3127A7022644137B008DAF99 /* Info.plist */ = {isa = PBXFileReference; lastKnownFileType = text.plist.xml; path = Info.plist; sourceTree = "<group>"; };
		3127A7072644137B008DAF99 /* AkvelonTestUITests.xctest */ = {isa = PBXFileReference; explicitFileType = wrapper.cfbundle; includeInIndex = 0; path = AkvelonTestUITests.xctest; sourceTree = BUILT_PRODUCTS_DIR; };
		3127A70B2644137B008DAF99 /* AkvelonTestUITests.swift */ = {isa = PBXFileReference; lastKnownFileType = sourcecode.swift; path = AkvelonTestUITests.swift; sourceTree = "<group>"; };
		3127A70D2644137B008DAF99 /* Info.plist */ = {isa = PBXFileReference; lastKnownFileType = text.plist.xml; path = Info.plist; sourceTree = "<group>"; };
		3127A71C264413AC008DAF99 /* UserModel.swift */ = {isa = PBXFileReference; lastKnownFileType = sourcecode.swift; path = UserModel.swift; sourceTree = "<group>"; };
		3127A72126441468008DAF99 /* NetworkServices.swift */ = {isa = PBXFileReference; lastKnownFileType = sourcecode.swift; path = NetworkServices.swift; sourceTree = "<group>"; };
		3127A72926441641008DAF99 /* UserCellView.swift */ = {isa = PBXFileReference; lastKnownFileType = sourcecode.swift; path = UserCellView.swift; sourceTree = "<group>"; };
		3127A74726441ABA008DAF99 /* Date + Extension.swift */ = {isa = PBXFileReference; lastKnownFileType = sourcecode.swift; path = "Date + Extension.swift"; sourceTree = "<group>"; };
		3127A75226441AFF008DAF99 /* Constants.swift */ = {isa = PBXFileReference; lastKnownFileType = sourcecode.swift; path = Constants.swift; sourceTree = "<group>"; };
		3127A75726441B83008DAF99 /* String + Extension.swift */ = {isa = PBXFileReference; lastKnownFileType = sourcecode.swift; path = "String + Extension.swift"; sourceTree = "<group>"; };
		4948E24BDA0F8C114D621EFF /* Pods-AkvelonTest.debug.xcconfig */ = {isa = PBXFileReference; includeInIndex = 1; lastKnownFileType = text.xcconfig; name = "Pods-AkvelonTest.debug.xcconfig"; path = "Target Support Files/Pods-AkvelonTest/Pods-AkvelonTest.debug.xcconfig"; sourceTree = "<group>"; };
		704D6DB116B7080C53ECEE9E /* Pods_AkvelonTest.framework */ = {isa = PBXFileReference; explicitFileType = wrapper.framework; includeInIndex = 0; path = Pods_AkvelonTest.framework; sourceTree = BUILT_PRODUCTS_DIR; };
		81E833C98CE742A5E6380ED9 /* Pods-AkvelonTestTests.release.xcconfig */ = {isa = PBXFileReference; includeInIndex = 1; lastKnownFileType = text.xcconfig; name = "Pods-AkvelonTestTests.release.xcconfig"; path = "Target Support Files/Pods-AkvelonTestTests/Pods-AkvelonTestTests.release.xcconfig"; sourceTree = "<group>"; };
		9C1A4EDCE2106F4C0AC30D3F /* Pods-AkvelonTest-AkvelonTestUITests.debug.xcconfig */ = {isa = PBXFileReference; includeInIndex = 1; lastKnownFileType = text.xcconfig; name = "Pods-AkvelonTest-AkvelonTestUITests.debug.xcconfig"; path = "Target Support Files/Pods-AkvelonTest-AkvelonTestUITests/Pods-AkvelonTest-AkvelonTestUITests.debug.xcconfig"; sourceTree = "<group>"; };
		B7FAB739AF89515DC2834E02 /* Pods_AkvelonTest_AkvelonTestUITests.framework */ = {isa = PBXFileReference; explicitFileType = wrapper.framework; includeInIndex = 0; path = Pods_AkvelonTest_AkvelonTestUITests.framework; sourceTree = BUILT_PRODUCTS_DIR; };
		D2348917CC8ADD9A42866503 /* Pods-AkvelonTestTests.debug.xcconfig */ = {isa = PBXFileReference; includeInIndex = 1; lastKnownFileType = text.xcconfig; name = "Pods-AkvelonTestTests.debug.xcconfig"; path = "Target Support Files/Pods-AkvelonTestTests/Pods-AkvelonTestTests.debug.xcconfig"; sourceTree = "<group>"; };
		F1ECA07D630F94E4DBED3756 /* Pods-AkvelonTest.release.xcconfig */ = {isa = PBXFileReference; includeInIndex = 1; lastKnownFileType = text.xcconfig; name = "Pods-AkvelonTest.release.xcconfig"; path = "Target Support Files/Pods-AkvelonTest/Pods-AkvelonTest.release.xcconfig"; sourceTree = "<group>"; };
/* End PBXFileReference section */

/* Begin PBXFrameworksBuildPhase section */
		3127A6E826441379008DAF99 /* Frameworks */ = {
			isa = PBXFrameworksBuildPhase;
			buildActionMask = 2147483647;
			files = (
				C64C34CF19B506295D2AD65E /* Pods_AkvelonTest.framework in Frameworks */,
			);
			runOnlyForDeploymentPostprocessing = 0;
		};
		3127A6F92644137B008DAF99 /* Frameworks */ = {
			isa = PBXFrameworksBuildPhase;
			buildActionMask = 2147483647;
			files = (
				B359755692541E3B456D67BF /* Pods_AkvelonTestTests.framework in Frameworks */,
			);
			runOnlyForDeploymentPostprocessing = 0;
		};
		3127A7042644137B008DAF99 /* Frameworks */ = {
			isa = PBXFrameworksBuildPhase;
			buildActionMask = 2147483647;
			files = (
				21660D6CF387874E53DE2A64 /* Pods_AkvelonTest_AkvelonTestUITests.framework in Frameworks */,
			);
			runOnlyForDeploymentPostprocessing = 0;
		};
/* End PBXFrameworksBuildPhase section */

/* Begin PBXGroup section */
		3127A6E226441379008DAF99 = {
			isa = PBXGroup;
			children = (
				3127A6ED26441379008DAF99 /* AkvelonTest */,
				3127A6FF2644137B008DAF99 /* AkvelonTestTests */,
				3127A70A2644137B008DAF99 /* AkvelonTestUITests */,
				3127A6EC26441379008DAF99 /* Products */,
				568716F571D90437F6551B1F /* Pods */,
				FEAC22DB52AEBFEDA5D2D28D /* Frameworks */,
			);
			sourceTree = "<group>";
		};
		3127A6EC26441379008DAF99 /* Products */ = {
			isa = PBXGroup;
			children = (
				3127A6EB26441379008DAF99 /* AkvelonTest.app */,
				3127A6FC2644137B008DAF99 /* AkvelonTestTests.xctest */,
				3127A7072644137B008DAF99 /* AkvelonTestUITests.xctest */,
			);
			name = Products;
			sourceTree = "<group>";
		};
		3127A6ED26441379008DAF99 /* AkvelonTest */ = {
			isa = PBXGroup;
			children = (
				3127A75126441ADE008DAF99 /* CONSTANTS & HELPERS */,
				3127A6EE26441379008DAF99 /* AkvelonTestApp.swift */,
				3127A73E264419DE008DAF99 /* MODEL */,
				3127A73F264419FA008DAF99 /* NETWORKING */,
				3127A6F026441379008DAF99 /* MainView.swift */,
				3127A72926441641008DAF99 /* UserCellView.swift */,
				3127A74626441A9D008DAF99 /* EXTENSIONS */,
				3127A6F22644137B008DAF99 /* Assets.xcassets */,
				3127A6F72644137B008DAF99 /* Info.plist */,
				3127A6F42644137B008DAF99 /* Preview Content */,
			);
			path = AkvelonTest;
			sourceTree = "<group>";
		};
		3127A6F42644137B008DAF99 /* Preview Content */ = {
			isa = PBXGroup;
			children = (
				3127A6F52644137B008DAF99 /* Preview Assets.xcassets */,
			);
			path = "Preview Content";
			sourceTree = "<group>";
		};
		3127A6FF2644137B008DAF99 /* AkvelonTestTests */ = {
			isa = PBXGroup;
			children = (
				3127A7002644137B008DAF99 /* AkvelonTestTests.swift */,
				3127A7022644137B008DAF99 /* Info.plist */,
			);
			path = AkvelonTestTests;
			sourceTree = "<group>";
		};
		3127A70A2644137B008DAF99 /* AkvelonTestUITests */ = {
			isa = PBXGroup;
			children = (
				3127A70B2644137B008DAF99 /* AkvelonTestUITests.swift */,
				3127A70D2644137B008DAF99 /* Info.plist */,
			);
			path = AkvelonTestUITests;
			sourceTree = "<group>";
		};
		3127A73E264419DE008DAF99 /* MODEL */ = {
			isa = PBXGroup;
			children = (
				3127A71C264413AC008DAF99 /* UserModel.swift */,
			);
			path = MODEL;
			sourceTree = "<group>";
		};
		3127A73F264419FA008DAF99 /* NETWORKING */ = {
			isa = PBXGroup;
			children = (
				3127A72126441468008DAF99 /* NetworkServices.swift */,
			);
			path = NETWORKING;
			sourceTree = "<group>";
		};
		3127A74626441A9D008DAF99 /* EXTENSIONS */ = {
			isa = PBXGroup;
			children = (
				3127A74726441ABA008DAF99 /* Date + Extension.swift */,
				3127A75726441B83008DAF99 /* String + Extension.swift */,
			);
			path = EXTENSIONS;
			sourceTree = "<group>";
		};
		3127A75126441ADE008DAF99 /* CONSTANTS & HELPERS */ = {
			isa = PBXGroup;
			children = (
				3127A75226441AFF008DAF99 /* Constants.swift */,
			);
			path = "CONSTANTS & HELPERS";
			sourceTree = "<group>";
		};
		568716F571D90437F6551B1F /* Pods */ = {
			isa = PBXGroup;
			children = (
				4948E24BDA0F8C114D621EFF /* Pods-AkvelonTest.debug.xcconfig */,
				F1ECA07D630F94E4DBED3756 /* Pods-AkvelonTest.release.xcconfig */,
				9C1A4EDCE2106F4C0AC30D3F /* Pods-AkvelonTest-AkvelonTestUITests.debug.xcconfig */,
				1063FF1AE2E5E5BB90809E40 /* Pods-AkvelonTest-AkvelonTestUITests.release.xcconfig */,
				D2348917CC8ADD9A42866503 /* Pods-AkvelonTestTests.debug.xcconfig */,
				81E833C98CE742A5E6380ED9 /* Pods-AkvelonTestTests.release.xcconfig */,
			);
			path = Pods;
			sourceTree = "<group>";
		};
		FEAC22DB52AEBFEDA5D2D28D /* Frameworks */ = {
			isa = PBXGroup;
			children = (
				704D6DB116B7080C53ECEE9E /* Pods_AkvelonTest.framework */,
				B7FAB739AF89515DC2834E02 /* Pods_AkvelonTest_AkvelonTestUITests.framework */,
				210C7862E52AB19BF4D3FDE8 /* Pods_AkvelonTestTests.framework */,
			);
			name = Frameworks;
			sourceTree = "<group>";
		};
/* End PBXGroup section */

/* Begin PBXNativeTarget section */
		3127A6EA26441379008DAF99 /* AkvelonTest */ = {
			isa = PBXNativeTarget;
			buildConfigurationList = 3127A7102644137B008DAF99 /* Build configuration list for PBXNativeTarget "AkvelonTest" */;
			buildPhases = (
				8F09620EFFDAE0519825C697 /* [CP] Check Pods Manifest.lock */,
				3127A6E726441379008DAF99 /* Sources */,
				3127A6E826441379008DAF99 /* Frameworks */,
				3127A6E926441379008DAF99 /* Resources */,
				08962E8B3C2354ECF9AC1DAD /* [CP] Embed Pods Frameworks */,
			);
			buildRules = (
			);
			dependencies = (
			);
			name = AkvelonTest;
			productName = AkvelonTest;
			productReference = 3127A6EB26441379008DAF99 /* AkvelonTest.app */;
			productType = "com.apple.product-type.application";
		};
		3127A6FB2644137B008DAF99 /* AkvelonTestTests */ = {
			isa = PBXNativeTarget;
			buildConfigurationList = 3127A7132644137B008DAF99 /* Build configuration list for PBXNativeTarget "AkvelonTestTests" */;
			buildPhases = (
				C828C56D875503E3625B282E /* [CP] Check Pods Manifest.lock */,
				3127A6F82644137B008DAF99 /* Sources */,
				3127A6F92644137B008DAF99 /* Frameworks */,
				3127A6FA2644137B008DAF99 /* Resources */,
			);
			buildRules = (
			);
			dependencies = (
				3127A6FE2644137B008DAF99 /* PBXTargetDependency */,
			);
			name = AkvelonTestTests;
			productName = AkvelonTestTests;
			productReference = 3127A6FC2644137B008DAF99 /* AkvelonTestTests.xctest */;
			productType = "com.apple.product-type.bundle.unit-test";
		};
		3127A7062644137B008DAF99 /* AkvelonTestUITests */ = {
			isa = PBXNativeTarget;
			buildConfigurationList = 3127A7162644137B008DAF99 /* Build configuration list for PBXNativeTarget "AkvelonTestUITests" */;
			buildPhases = (
				8CA59AED04D7B79D52E0696C /* [CP] Check Pods Manifest.lock */,
				3127A7032644137B008DAF99 /* Sources */,
				3127A7042644137B008DAF99 /* Frameworks */,
				3127A7052644137B008DAF99 /* Resources */,
				2AA8F0ECD46CF41CBC541738 /* [CP] Embed Pods Frameworks */,
			);
			buildRules = (
			);
			dependencies = (
				3127A7092644137B008DAF99 /* PBXTargetDependency */,
			);
			name = AkvelonTestUITests;
			productName = AkvelonTestUITests;
			productReference = 3127A7072644137B008DAF99 /* AkvelonTestUITests.xctest */;
			productType = "com.apple.product-type.bundle.ui-testing";
		};
/* End PBXNativeTarget section */

/* Begin PBXProject section */
		3127A6E326441379008DAF99 /* Project object */ = {
			isa = PBXProject;
			attributes = {
				LastSwiftUpdateCheck = 1240;
				LastUpgradeCheck = 1240;
				TargetAttributes = {
					3127A6EA26441379008DAF99 = {
						CreatedOnToolsVersion = 12.4;
					};
					3127A6FB2644137B008DAF99 = {
						CreatedOnToolsVersion = 12.4;
						TestTargetID = 3127A6EA26441379008DAF99;
					};
					3127A7062644137B008DAF99 = {
						CreatedOnToolsVersion = 12.4;
						TestTargetID = 3127A6EA26441379008DAF99;
					};
				};
			};
			buildConfigurationList = 3127A6E626441379008DAF99 /* Build configuration list for PBXProject "AkvelonTest" */;
			compatibilityVersion = "Xcode 9.3";
			developmentRegion = en;
			hasScannedForEncodings = 0;
			knownRegions = (
				en,
				Base,
			);
			mainGroup = 3127A6E226441379008DAF99;
			productRefGroup = 3127A6EC26441379008DAF99 /* Products */;
			projectDirPath = "";
			projectRoot = "";
			targets = (
				3127A6EA26441379008DAF99 /* AkvelonTest */,
				3127A6FB2644137B008DAF99 /* AkvelonTestTests */,
				3127A7062644137B008DAF99 /* AkvelonTestUITests */,
			);
		};
/* End PBXProject section */

/* Begin PBXResourcesBuildPhase section */
		3127A6E926441379008DAF99 /* Resources */ = {
			isa = PBXResourcesBuildPhase;
			buildActionMask = 2147483647;
			files = (
				3127A6F62644137B008DAF99 /* Preview Assets.xcassets in Resources */,
				3127A6F32644137B008DAF99 /* Assets.xcassets in Resources */,
			);
			runOnlyForDeploymentPostprocessing = 0;
		};
		3127A6FA2644137B008DAF99 /* Resources */ = {
			isa = PBXResourcesBuildPhase;
			buildActionMask = 2147483647;
			files = (
			);
			runOnlyForDeploymentPostprocessing = 0;
		};
		3127A7052644137B008DAF99 /* Resources */ = {
			isa = PBXResourcesBuildPhase;
			buildActionMask = 2147483647;
			files = (
			);
			runOnlyForDeploymentPostprocessing = 0;
		};
/* End PBXResourcesBuildPhase section */

/* Begin PBXShellScriptBuildPhase section */
		08962E8B3C2354ECF9AC1DAD /* [CP] Embed Pods Frameworks */ = {
			isa = PBXShellScriptBuildPhase;
			buildActionMask = 2147483647;
			files = (
			);
			inputFileListPaths = (
				"${PODS_ROOT}/Target Support Files/Pods-AkvelonTest/Pods-AkvelonTest-frameworks-${CONFIGURATION}-input-files.xcfilelist",
			);
			name = "[CP] Embed Pods Frameworks";
			outputFileListPaths = (
				"${PODS_ROOT}/Target Support Files/Pods-AkvelonTest/Pods-AkvelonTest-frameworks-${CONFIGURATION}-output-files.xcfilelist",
			);
			runOnlyForDeploymentPostprocessing = 0;
			shellPath = /bin/sh;
			shellScript = "\"${PODS_ROOT}/Target Support Files/Pods-AkvelonTest/Pods-AkvelonTest-frameworks.sh\"\n";
			showEnvVarsInLog = 0;
		};
		2AA8F0ECD46CF41CBC541738 /* [CP] Embed Pods Frameworks */ = {
			isa = PBXShellScriptBuildPhase;
			buildActionMask = 2147483647;
			files = (
			);
			inputFileListPaths = (
				"${PODS_ROOT}/Target Support Files/Pods-AkvelonTest-AkvelonTestUITests/Pods-AkvelonTest-AkvelonTestUITests-frameworks-${CONFIGURATION}-input-files.xcfilelist",
			);
			name = "[CP] Embed Pods Frameworks";
			outputFileListPaths = (
				"${PODS_ROOT}/Target Support Files/Pods-AkvelonTest-AkvelonTestUITests/Pods-AkvelonTest-AkvelonTestUITests-frameworks-${CONFIGURATION}-output-files.xcfilelist",
			);
			runOnlyForDeploymentPostprocessing = 0;
			shellPath = /bin/sh;
			shellScript = "\"${PODS_ROOT}/Target Support Files/Pods-AkvelonTest-AkvelonTestUITests/Pods-AkvelonTest-AkvelonTestUITests-frameworks.sh\"\n";
			showEnvVarsInLog = 0;
		};
		8CA59AED04D7B79D52E0696C /* [CP] Check Pods Manifest.lock */ = {
			isa = PBXShellScriptBuildPhase;
			buildActionMask = 2147483647;
			files = (
			);
			inputFileListPaths = (
			);
			inputPaths = (
				"${PODS_PODFILE_DIR_PATH}/Podfile.lock",
				"${PODS_ROOT}/Manifest.lock",
			);
			name = "[CP] Check Pods Manifest.lock";
			outputFileListPaths = (
			);
			outputPaths = (
				"$(DERIVED_FILE_DIR)/Pods-AkvelonTest-AkvelonTestUITests-checkManifestLockResult.txt",
			);
			runOnlyForDeploymentPostprocessing = 0;
			shellPath = /bin/sh;
			shellScript = "diff \"${PODS_PODFILE_DIR_PATH}/Podfile.lock\" \"${PODS_ROOT}/Manifest.lock\" > /dev/null\nif [ $? != 0 ] ; then\n    # print error to STDERR\n    echo \"error: The sandbox is not in sync with the Podfile.lock. Run 'pod install' or update your CocoaPods installation.\" >&2\n    exit 1\nfi\n# This output is used by Xcode 'outputs' to avoid re-running this script phase.\necho \"SUCCESS\" > \"${SCRIPT_OUTPUT_FILE_0}\"\n";
			showEnvVarsInLog = 0;
		};
		8F09620EFFDAE0519825C697 /* [CP] Check Pods Manifest.lock */ = {
			isa = PBXShellScriptBuildPhase;
			buildActionMask = 2147483647;
			files = (
			);
			inputFileListPaths = (
			);
			inputPaths = (
				"${PODS_PODFILE_DIR_PATH}/Podfile.lock",
				"${PODS_ROOT}/Manifest.lock",
			);
			name = "[CP] Check Pods Manifest.lock";
			outputFileListPaths = (
			);
			outputPaths = (
				"$(DERIVED_FILE_DIR)/Pods-AkvelonTest-checkManifestLockResult.txt",
			);
			runOnlyForDeploymentPostprocessing = 0;
			shellPath = /bin/sh;
			shellScript = "diff \"${PODS_PODFILE_DIR_PATH}/Podfile.lock\" \"${PODS_ROOT}/Manifest.lock\" > /dev/null\nif [ $? != 0 ] ; then\n    # print error to STDERR\n    echo \"error: The sandbox is not in sync with the Podfile.lock. Run 'pod install' or update your CocoaPods installation.\" >&2\n    exit 1\nfi\n# This output is used by Xcode 'outputs' to avoid re-running this script phase.\necho \"SUCCESS\" > \"${SCRIPT_OUTPUT_FILE_0}\"\n";
			showEnvVarsInLog = 0;
		};
		C828C56D875503E3625B282E /* [CP] Check Pods Manifest.lock */ = {
			isa = PBXShellScriptBuildPhase;
			buildActionMask = 2147483647;
			files = (
			);
			inputFileListPaths = (
			);
			inputPaths = (
				"${PODS_PODFILE_DIR_PATH}/Podfile.lock",
				"${PODS_ROOT}/Manifest.lock",
			);
			name = "[CP] Check Pods Manifest.lock";
			outputFileListPaths = (
			);
			outputPaths = (
				"$(DERIVED_FILE_DIR)/Pods-AkvelonTestTests-checkManifestLockResult.txt",
			);
			runOnlyForDeploymentPostprocessing = 0;
			shellPath = /bin/sh;
			shellScript = "diff \"${PODS_PODFILE_DIR_PATH}/Podfile.lock\" \"${PODS_ROOT}/Manifest.lock\" > /dev/null\nif [ $? != 0 ] ; then\n    # print error to STDERR\n    echo \"error: The sandbox is not in sync with the Podfile.lock. Run 'pod install' or update your CocoaPods installation.\" >&2\n    exit 1\nfi\n# This output is used by Xcode 'outputs' to avoid re-running this script phase.\necho \"SUCCESS\" > \"${SCRIPT_OUTPUT_FILE_0}\"\n";
			showEnvVarsInLog = 0;
		};
/* End PBXShellScriptBuildPhase section */

/* Begin PBXSourcesBuildPhase section */
		3127A6E726441379008DAF99 /* Sources */ = {
			isa = PBXSourcesBuildPhase;
			buildActionMask = 2147483647;
			files = (
				3127A6F126441379008DAF99 /* MainView.swift in Sources */,
				3127A71D264413AC008DAF99 /* UserModel.swift in Sources */,
				3127A75826441B83008DAF99 /* String + Extension.swift in Sources */,
				3127A72226441468008DAF99 /* NetworkServices.swift in Sources */,
				3127A72A26441641008DAF99 /* UserCellView.swift in Sources */,
				3127A75326441AFF008DAF99 /* Constants.swift in Sources */,
				3127A6EF26441379008DAF99 /* AkvelonTestApp.swift in Sources */,
				3127A74826441ABA008DAF99 /* Date + Extension.swift in Sources */,
			);
			runOnlyForDeploymentPostprocessing = 0;
		};
		3127A6F82644137B008DAF99 /* Sources */ = {
			isa = PBXSourcesBuildPhase;
			buildActionMask = 2147483647;
			files = (
				3127A7012644137B008DAF99 /* AkvelonTestTests.swift in Sources */,
			);
			runOnlyForDeploymentPostprocessing = 0;
		};
		3127A7032644137B008DAF99 /* Sources */ = {
			isa = PBXSourcesBuildPhase;
			buildActionMask = 2147483647;
			files = (
				3127A70C2644137B008DAF99 /* AkvelonTestUITests.swift in Sources */,
			);
			runOnlyForDeploymentPostprocessing = 0;
		};
/* End PBXSourcesBuildPhase section */

/* Begin PBXTargetDependency section */
		3127A6FE2644137B008DAF99 /* PBXTargetDependency */ = {
			isa = PBXTargetDependency;
			target = 3127A6EA26441379008DAF99 /* AkvelonTest */;
			targetProxy = 3127A6FD2644137B008DAF99 /* PBXContainerItemProxy */;
		};
		3127A7092644137B008DAF99 /* PBXTargetDependency */ = {
			isa = PBXTargetDependency;
			target = 3127A6EA26441379008DAF99 /* AkvelonTest */;
			targetProxy = 3127A7082644137B008DAF99 /* PBXContainerItemProxy */;
		};
/* End PBXTargetDependency section */

/* Begin XCBuildConfiguration section */
		3127A70E2644137B008DAF99 /* Debug */ = {
			isa = XCBuildConfiguration;
			buildSettings = {
				ALWAYS_SEARCH_USER_PATHS = NO;
				CLANG_ANALYZER_NONNULL = YES;
				CLANG_ANALYZER_NUMBER_OBJECT_CONVERSION = YES_AGGRESSIVE;
				CLANG_CXX_LANGUAGE_STANDARD = "gnu++14";
				CLANG_CXX_LIBRARY = "libc++";
				CLANG_ENABLE_MODULES = YES;
				CLANG_ENABLE_OBJC_ARC = YES;
				CLANG_ENABLE_OBJC_WEAK = YES;
				CLANG_WARN_BLOCK_CAPTURE_AUTORELEASING = YES;
				CLANG_WARN_BOOL_CONVERSION = YES;
				CLANG_WARN_COMMA = YES;
				CLANG_WARN_CONSTANT_CONVERSION = YES;
				CLANG_WARN_DEPRECATED_OBJC_IMPLEMENTATIONS = YES;
				CLANG_WARN_DIRECT_OBJC_ISA_USAGE = YES_ERROR;
				CLANG_WARN_DOCUMENTATION_COMMENTS = YES;
				CLANG_WARN_EMPTY_BODY = YES;
				CLANG_WARN_ENUM_CONVERSION = YES;
				CLANG_WARN_INFINITE_RECURSION = YES;
				CLANG_WARN_INT_CONVERSION = YES;
				CLANG_WARN_NON_LITERAL_NULL_CONVERSION = YES;
				CLANG_WARN_OBJC_IMPLICIT_RETAIN_SELF = YES;
				CLANG_WARN_OBJC_LITERAL_CONVERSION = YES;
				CLANG_WARN_OBJC_ROOT_CLASS = YES_ERROR;
				CLANG_WARN_QUOTED_INCLUDE_IN_FRAMEWORK_HEADER = YES;
				CLANG_WARN_RANGE_LOOP_ANALYSIS = YES;
				CLANG_WARN_STRICT_PROTOTYPES = YES;
				CLANG_WARN_SUSPICIOUS_MOVE = YES;
				CLANG_WARN_UNGUARDED_AVAILABILITY = YES_AGGRESSIVE;
				CLANG_WARN_UNREACHABLE_CODE = YES;
				CLANG_WARN__DUPLICATE_METHOD_MATCH = YES;
				COPY_PHASE_STRIP = NO;
				DEBUG_INFORMATION_FORMAT = dwarf;
				ENABLE_STRICT_OBJC_MSGSEND = YES;
				ENABLE_TESTABILITY = YES;
				GCC_C_LANGUAGE_STANDARD = gnu11;
				GCC_DYNAMIC_NO_PIC = NO;
				GCC_NO_COMMON_BLOCKS = YES;
				GCC_OPTIMIZATION_LEVEL = 0;
				GCC_PREPROCESSOR_DEFINITIONS = (
					"DEBUG=1",
					"$(inherited)",
				);
				GCC_WARN_64_TO_32_BIT_CONVERSION = YES;
				GCC_WARN_ABOUT_RETURN_TYPE = YES_ERROR;
				GCC_WARN_UNDECLARED_SELECTOR = YES;
				GCC_WARN_UNINITIALIZED_AUTOS = YES_AGGRESSIVE;
				GCC_WARN_UNUSED_FUNCTION = YES;
				GCC_WARN_UNUSED_VARIABLE = YES;
				IPHONEOS_DEPLOYMENT_TARGET = 14.4;
				MTL_ENABLE_DEBUG_INFO = INCLUDE_SOURCE;
				MTL_FAST_MATH = YES;
				ONLY_ACTIVE_ARCH = YES;
				SDKROOT = iphoneos;
				SWIFT_ACTIVE_COMPILATION_CONDITIONS = DEBUG;
				SWIFT_OPTIMIZATION_LEVEL = "-Onone";
			};
			name = Debug;
		};
		3127A70F2644137B008DAF99 /* Release */ = {
			isa = XCBuildConfiguration;
			buildSettings = {
				ALWAYS_SEARCH_USER_PATHS = NO;
				CLANG_ANALYZER_NONNULL = YES;
				CLANG_ANALYZER_NUMBER_OBJECT_CONVERSION = YES_AGGRESSIVE;
				CLANG_CXX_LANGUAGE_STANDARD = "gnu++14";
				CLANG_CXX_LIBRARY = "libc++";
				CLANG_ENABLE_MODULES = YES;
				CLANG_ENABLE_OBJC_ARC = YES;
				CLANG_ENABLE_OBJC_WEAK = YES;
				CLANG_WARN_BLOCK_CAPTURE_AUTORELEASING = YES;
				CLANG_WARN_BOOL_CONVERSION = YES;
				CLANG_WARN_COMMA = YES;
				CLANG_WARN_CONSTANT_CONVERSION = YES;
				CLANG_WARN_DEPRECATED_OBJC_IMPLEMENTATIONS = YES;
				CLANG_WARN_DIRECT_OBJC_ISA_USAGE = YES_ERROR;
				CLANG_WARN_DOCUMENTATION_COMMENTS = YES;
				CLANG_WARN_EMPTY_BODY = YES;
				CLANG_WARN_ENUM_CONVERSION = YES;
				CLANG_WARN_INFINITE_RECURSION = YES;
				CLANG_WARN_INT_CONVERSION = YES;
				CLANG_WARN_NON_LITERAL_NULL_CONVERSION = YES;
				CLANG_WARN_OBJC_IMPLICIT_RETAIN_SELF = YES;
				CLANG_WARN_OBJC_LITERAL_CONVERSION = YES;
				CLANG_WARN_OBJC_ROOT_CLASS = YES_ERROR;
				CLANG_WARN_QUOTED_INCLUDE_IN_FRAMEWORK_HEADER = YES;
				CLANG_WARN_RANGE_LOOP_ANALYSIS = YES;
				CLANG_WARN_STRICT_PROTOTYPES = YES;
				CLANG_WARN_SUSPICIOUS_MOVE = YES;
				CLANG_WARN_UNGUARDED_AVAILABILITY = YES_AGGRESSIVE;
				CLANG_WARN_UNREACHABLE_CODE = YES;
				CLANG_WARN__DUPLICATE_METHOD_MATCH = YES;
				COPY_PHASE_STRIP = NO;
				DEBUG_INFORMATION_FORMAT = "dwarf-with-dsym";
				ENABLE_NS_ASSERTIONS = NO;
				ENABLE_STRICT_OBJC_MSGSEND = YES;
				GCC_C_LANGUAGE_STANDARD = gnu11;
				GCC_NO_COMMON_BLOCKS = YES;
				GCC_WARN_64_TO_32_BIT_CONVERSION = YES;
				GCC_WARN_ABOUT_RETURN_TYPE = YES_ERROR;
				GCC_WARN_UNDECLARED_SELECTOR = YES;
				GCC_WARN_UNINITIALIZED_AUTOS = YES_AGGRESSIVE;
				GCC_WARN_UNUSED_FUNCTION = YES;
				GCC_WARN_UNUSED_VARIABLE = YES;
				IPHONEOS_DEPLOYMENT_TARGET = 14.4;
				MTL_ENABLE_DEBUG_INFO = NO;
				MTL_FAST_MATH = YES;
				SDKROOT = iphoneos;
				SWIFT_COMPILATION_MODE = wholemodule;
				SWIFT_OPTIMIZATION_LEVEL = "-O";
				VALIDATE_PRODUCT = YES;
			};
			name = Release;
		};
		3127A7112644137B008DAF99 /* Debug */ = {
			isa = XCBuildConfiguration;
			baseConfigurationReference = 4948E24BDA0F8C114D621EFF /* Pods-AkvelonTest.debug.xcconfig */;
			buildSettings = {
				ASSETCATALOG_COMPILER_APPICON_NAME = AppIcon;
				ASSETCATALOG_COMPILER_GLOBAL_ACCENT_COLOR_NAME = AccentColor;
				CODE_SIGN_STYLE = Automatic;
				DEVELOPMENT_ASSET_PATHS = "\"AkvelonTest/Preview Content\"";
				DEVELOPMENT_TEAM = 24Y993P9YU;
				ENABLE_PREVIEWS = YES;
				INFOPLIST_FILE = AkvelonTest/Info.plist;
				IPHONEOS_DEPLOYMENT_TARGET = 14.0;
				LD_RUNPATH_SEARCH_PATHS = (
					"$(inherited)",
					"@executable_path/Frameworks",
				);
				PRODUCT_BUNDLE_IDENTIFIER = danijelvasov.AkvelonTest;
				PRODUCT_NAME = "$(TARGET_NAME)";
				SWIFT_VERSION = 5.0;
				TARGETED_DEVICE_FAMILY = "1,2";
			};
			name = Debug;
		};
		3127A7122644137B008DAF99 /* Release */ = {
			isa = XCBuildConfiguration;
			baseConfigurationReference = F1ECA07D630F94E4DBED3756 /* Pods-AkvelonTest.release.xcconfig */;
			buildSettings = {
				ASSETCATALOG_COMPILER_APPICON_NAME = AppIcon;
				ASSETCATALOG_COMPILER_GLOBAL_ACCENT_COLOR_NAME = AccentColor;
				CODE_SIGN_STYLE = Automatic;
				DEVELOPMENT_ASSET_PATHS = "\"AkvelonTest/Preview Content\"";
				DEVELOPMENT_TEAM = 24Y993P9YU;
				ENABLE_PREVIEWS = YES;
				INFOPLIST_FILE = AkvelonTest/Info.plist;
				IPHONEOS_DEPLOYMENT_TARGET = 14.0;
				LD_RUNPATH_SEARCH_PATHS = (
					"$(inherited)",
					"@executable_path/Frameworks",
				);
				PRODUCT_BUNDLE_IDENTIFIER = danijelvasov.AkvelonTest;
				PRODUCT_NAME = "$(TARGET_NAME)";
				SWIFT_VERSION = 5.0;
				TARGETED_DEVICE_FAMILY = "1,2";
			};
			name = Release;
		};
		3127A7142644137B008DAF99 /* Debug */ = {
			isa = XCBuildConfiguration;
			baseConfigurationReference = D2348917CC8ADD9A42866503 /* Pods-AkvelonTestTests.debug.xcconfig */;
			buildSettings = {
				ALWAYS_EMBED_SWIFT_STANDARD_LIBRARIES = YES;
				BUNDLE_LOADER = "$(TEST_HOST)";
				CODE_SIGN_STYLE = Automatic;
				DEVELOPMENT_TEAM = 24Y993P9YU;
				INFOPLIST_FILE = AkvelonTestTests/Info.plist;
				IPHONEOS_DEPLOYMENT_TARGET = 14.0;
				LD_RUNPATH_SEARCH_PATHS = (
					"$(inherited)",
					"@executable_path/Frameworks",
					"@loader_path/Frameworks",
				);
				PRODUCT_BUNDLE_IDENTIFIER = danijelvasov.AkvelonTestTests;
				PRODUCT_NAME = "$(TARGET_NAME)";
				SWIFT_VERSION = 5.0;
				TARGETED_DEVICE_FAMILY = "1,2";
				TEST_HOST = "$(BUILT_PRODUCTS_DIR)/AkvelonTest.app/AkvelonTest";
			};
			name = Debug;
		};
		3127A7152644137B008DAF99 /* Release */ = {
			isa = XCBuildConfiguration;
			baseConfigurationReference = 81E833C98CE742A5E6380ED9 /* Pods-AkvelonTestTests.release.xcconfig */;
			buildSettings = {
				ALWAYS_EMBED_SWIFT_STANDARD_LIBRARIES = YES;
				BUNDLE_LOADER = "$(TEST_HOST)";
				CODE_SIGN_STYLE = Automatic;
				DEVELOPMENT_TEAM = 24Y993P9YU;
				INFOPLIST_FILE = AkvelonTestTests/Info.plist;
				IPHONEOS_DEPLOYMENT_TARGET = 14.0;
				LD_RUNPATH_SEARCH_PATHS = (
					"$(inherited)",
					"@executable_path/Frameworks",
					"@loader_path/Frameworks",
				);
				PRODUCT_BUNDLE_IDENTIFIER = danijelvasov.AkvelonTestTests;
				PRODUCT_NAME = "$(TARGET_NAME)";
				SWIFT_VERSION = 5.0;
				TARGETED_DEVICE_FAMILY = "1,2";
				TEST_HOST = "$(BUILT_PRODUCTS_DIR)/AkvelonTest.app/AkvelonTest";
			};
			name = Release;
		};
		3127A7172644137B008DAF99 /* Debug */ = {
			isa = XCBuildConfiguration;
			baseConfigurationReference = 9C1A4EDCE2106F4C0AC30D3F /* Pods-AkvelonTest-AkvelonTestUITests.debug.xcconfig */;
			buildSettings = {
				ALWAYS_EMBED_SWIFT_STANDARD_LIBRARIES = YES;
				CODE_SIGN_STYLE = Automatic;
				DEVELOPMENT_TEAM = 24Y993P9YU;
				INFOPLIST_FILE = AkvelonTestUITests/Info.plist;
				LD_RUNPATH_SEARCH_PATHS = (
					"$(inherited)",
					"@executable_path/Frameworks",
					"@loader_path/Frameworks",
				);
				PRODUCT_BUNDLE_IDENTIFIER = danijelvasov.AkvelonTestUITests;
				PRODUCT_NAME = "$(TARGET_NAME)";
				SWIFT_VERSION = 5.0;
				TARGETED_DEVICE_FAMILY = "1,2";
				TEST_TARGET_NAME = AkvelonTest;
			};
			name = Debug;
		};
		3127A7182644137B008DAF99 /* Release */ = {
			isa = XCBuildConfiguration;
			baseConfigurationReference = 1063FF1AE2E5E5BB90809E40 /* Pods-AkvelonTest-AkvelonTestUITests.release.xcconfig */;
			buildSettings = {
				ALWAYS_EMBED_SWIFT_STANDARD_LIBRARIES = YES;
				CODE_SIGN_STYLE = Automatic;
				DEVELOPMENT_TEAM = 24Y993P9YU;
				INFOPLIST_FILE = AkvelonTestUITests/Info.plist;
				LD_RUNPATH_SEARCH_PATHS = (
					"$(inherited)",
					"@executable_path/Frameworks",
					"@loader_path/Frameworks",
				);
				PRODUCT_BUNDLE_IDENTIFIER = danijelvasov.AkvelonTestUITests;
				PRODUCT_NAME = "$(TARGET_NAME)";
				SWIFT_VERSION = 5.0;
				TARGETED_DEVICE_FAMILY = "1,2";
				TEST_TARGET_NAME = AkvelonTest;
			};
			name = Release;
		};
/* End XCBuildConfiguration section */

/* Begin XCConfigurationList section */
		3127A6E626441379008DAF99 /* Build configuration list for PBXProject "AkvelonTest" */ = {
			isa = XCConfigurationList;
			buildConfigurations = (
				3127A70E2644137B008DAF99 /* Debug */,
				3127A70F2644137B008DAF99 /* Release */,
			);
			defaultConfigurationIsVisible = 0;
			defaultConfigurationName = Release;
		};
		3127A7102644137B008DAF99 /* Build configuration list for PBXNativeTarget "AkvelonTest" */ = {
			isa = XCConfigurationList;
			buildConfigurations = (
				3127A7112644137B008DAF99 /* Debug */,
				3127A7122644137B008DAF99 /* Release */,
			);
			defaultConfigurationIsVisible = 0;
			defaultConfigurationName = Release;
		};
		3127A7132644137B008DAF99 /* Build configuration list for PBXNativeTarget "AkvelonTestTests" */ = {
			isa = XCConfigurationList;
			buildConfigurations = (
				3127A7142644137B008DAF99 /* Debug */,
				3127A7152644137B008DAF99 /* Release */,
			);
			defaultConfigurationIsVisible = 0;
			defaultConfigurationName = Release;
		};
		3127A7162644137B008DAF99 /* Build configuration list for PBXNativeTarget "AkvelonTestUITests" */ = {
			isa = XCConfigurationList;
			buildConfigurations = (
				3127A7172644137B008DAF99 /* Debug */,
				3127A7182644137B008DAF99 /* Release */,
			);
			defaultConfigurationIsVisible = 0;
			defaultConfigurationName = Release;
		};
/* End XCConfigurationList section */
	};
	rootObject = 3127A6E326441379008DAF99 /* Project object */;
}
